// !$*UTF8*$!
{
	archiveVersion = 1;
	classes = {
	};
	objectVersion = 56;
	objects = {

/* Begin PBXBuildFile section */
		74C970C4774CF0120BCBA747 /* Pods_crud_with_core_data.framework in Frameworks */ = {isa = PBXBuildFile; fileRef = 1F724F89FACD4B05DF9AE4F1 /* Pods_crud_with_core_data.framework */; };
		C11806F32B1AA6A40086B768 /* SnackBarView.swift in Sources */ = {isa = PBXBuildFile; fileRef = C11806EE2B1AA6A40086B768 /* SnackBarView.swift */; };
		C11806F42B1AA6A40086B768 /* AppAlertController.swift in Sources */ = {isa = PBXBuildFile; fileRef = C11806EF2B1AA6A40086B768 /* AppAlertController.swift */; };
		C11806F52B1AA6A40086B768 /* AppFormValidatorLabel.swift in Sources */ = {isa = PBXBuildFile; fileRef = C11806F02B1AA6A40086B768 /* AppFormValidatorLabel.swift */; };
		C11806F62B1AA6A40086B768 /* AppFormTextField.swift in Sources */ = {isa = PBXBuildFile; fileRef = C11806F12B1AA6A40086B768 /* AppFormTextField.swift */; };
		C11806F72B1AA6A40086B768 /* AppFormLabel.swift in Sources */ = {isa = PBXBuildFile; fileRef = C11806F22B1AA6A40086B768 /* AppFormLabel.swift */; };
		C14A96F82B1FA5E400A70630 /* AddStudentTabVM.swift in Sources */ = {isa = PBXBuildFile; fileRef = C14A96F72B1FA5E400A70630 /* AddStudentTabVM.swift */; };
		C16E2BD12B1EA0ED00A04CE1 /* AppColors.swift in Sources */ = {isa = PBXBuildFile; fileRef = C16E2BD02B1EA0ED00A04CE1 /* AppColors.swift */; };
		C16E2BD42B1EA51800A04CE1 /* Ext+UIColor.swift in Sources */ = {isa = PBXBuildFile; fileRef = C16E2BD32B1EA51800A04CE1 /* Ext+UIColor.swift */; };
		C16E2BD62B1EB20B00A04CE1 /* AppButton.swift in Sources */ = {isa = PBXBuildFile; fileRef = C16E2BD52B1EB20B00A04CE1 /* AppButton.swift */; };
		C1B4C9922B2104FE00151833 /* MainCoordinator.swift in Sources */ = {isa = PBXBuildFile; fileRef = C1B4C9912B2104FE00151833 /* MainCoordinator.swift */; };
		C1B4C9942B2107FE00151833 /* Coordinator.swift in Sources */ = {isa = PBXBuildFile; fileRef = C1B4C9932B2107FE00151833 /* Coordinator.swift */; };
		C1B4CA8C2B2263E80048D9C9 /* HomeTabCoordinator.swift in Sources */ = {isa = PBXBuildFile; fileRef = C1B4CA8B2B2263E80048D9C9 /* HomeTabCoordinator.swift */; };
		C1B4CA8E2B2264290048D9C9 /* MainTabBarController.swift in Sources */ = {isa = PBXBuildFile; fileRef = C1B4CA8D2B2264290048D9C9 /* MainTabBarController.swift */; };
		C1B4CA902B22846F0048D9C9 /* AddTabCoordinator.swift in Sources */ = {isa = PBXBuildFile; fileRef = C1B4CA8F2B22846F0048D9C9 /* AddTabCoordinator.swift */; };
		C1B4CA922B2284FE0048D9C9 /* AddTabViewController.swift in Sources */ = {isa = PBXBuildFile; fileRef = C1B4CA912B2284FE0048D9C9 /* AddTabViewController.swift */; };
		C1B4CA942B2285890048D9C9 /* HomeTabViewController.swift in Sources */ = {isa = PBXBuildFile; fileRef = C1B4CA932B2285890048D9C9 /* HomeTabViewController.swift */; };
		C1B4CA962B2288560048D9C9 /* MainTabCoordinator.swift in Sources */ = {isa = PBXBuildFile; fileRef = C1B4CA952B2288560048D9C9 /* MainTabCoordinator.swift */; };
		C1BB062B2B1FFB5700AE52E5 /* User+CoreDataClass.swift in Sources */ = {isa = PBXBuildFile; fileRef = C1BB06292B1FFB5700AE52E5 /* User+CoreDataClass.swift */; };
		C1BB062C2B1FFB5700AE52E5 /* User+CoreDataProperties.swift in Sources */ = {isa = PBXBuildFile; fileRef = C1BB062A2B1FFB5700AE52E5 /* User+CoreDataProperties.swift */; };
		C1BB06382B1FFE4F00AE52E5 /* UserCoreRepoProtocol.swift in Sources */ = {isa = PBXBuildFile; fileRef = C1BB06372B1FFE4F00AE52E5 /* UserCoreRepoProtocol.swift */; };
		C1BB063A2B200CAF00AE52E5 /* UserCoreRepository.swift in Sources */ = {isa = PBXBuildFile; fileRef = C1BB06392B200CAF00AE52E5 /* UserCoreRepository.swift */; };
		C1BFD5B52B2141F800F57CC9 /* WelcomeViewController.swift in Sources */ = {isa = PBXBuildFile; fileRef = C1BFD5B42B2141F800F57CC9 /* WelcomeViewController.swift */; };
		C1BFD5BB2B2148EB00F57CC9 /* WelcomeCoordinator.swift in Sources */ = {isa = PBXBuildFile; fileRef = C1BFD5BA2B2148EB00F57CC9 /* WelcomeCoordinator.swift */; };
		C1CB56312B1A5DD500F91D5C /* UserTableViewCell.swift in Sources */ = {isa = PBXBuildFile; fileRef = C1CB56302B1A5DD500F91D5C /* UserTableViewCell.swift */; };
		C1CE43042B195A2B005EA95B /* AppDelegate.swift in Sources */ = {isa = PBXBuildFile; fileRef = C1CE43032B195A2B005EA95B /* AppDelegate.swift */; };
		C1CE43062B195A2B005EA95B /* SceneDelegate.swift in Sources */ = {isa = PBXBuildFile; fileRef = C1CE43052B195A2B005EA95B /* SceneDelegate.swift */; };
		C1CE430E2B195A2B005EA95B /* crud_with_core_data.xcdatamodeld in Sources */ = {isa = PBXBuildFile; fileRef = C1CE430C2B195A2B005EA95B /* crud_with_core_data.xcdatamodeld */; };
		C1CE43102B195A2C005EA95B /* Assets.xcassets in Resources */ = {isa = PBXBuildFile; fileRef = C1CE430F2B195A2C005EA95B /* Assets.xcassets */; };
		C1CE43132B195A2C005EA95B /* LaunchScreen.storyboard in Resources */ = {isa = PBXBuildFile; fileRef = C1CE43112B195A2C005EA95B /* LaunchScreen.storyboard */; };
		C1CE431C2B195B10005EA95B /* Student+CoreDataClass.swift in Sources */ = {isa = PBXBuildFile; fileRef = C1CE431A2B195B10005EA95B /* Student+CoreDataClass.swift */; };
		C1CE431D2B195B10005EA95B /* Student+CoreDataProperties.swift in Sources */ = {isa = PBXBuildFile; fileRef = C1CE431B2B195B10005EA95B /* Student+CoreDataProperties.swift */; };
		C1CE43202B196D4C005EA95B /* UserTableTabVM.swift in Sources */ = {isa = PBXBuildFile; fileRef = C1CE431F2B196D4C005EA95B /* UserTableTabVM.swift */; };
		C1CE43222B196E0A005EA95B /* CoreDataManager.swift in Sources */ = {isa = PBXBuildFile; fileRef = C1CE43212B196E0A005EA95B /* CoreDataManager.swift */; };
		C1D629232B1E759200559F02 /* Post+CoreDataClass.swift in Sources */ = {isa = PBXBuildFile; fileRef = C1D629212B1E759200559F02 /* Post+CoreDataClass.swift */; };
		C1D629242B1E759200559F02 /* Post+CoreDataProperties.swift in Sources */ = {isa = PBXBuildFile; fileRef = C1D629222B1E759200559F02 /* Post+CoreDataProperties.swift */; };
/* End PBXBuildFile section */

/* Begin PBXFileReference section */
		1F724F89FACD4B05DF9AE4F1 /* Pods_crud_with_core_data.framework */ = {isa = PBXFileReference; explicitFileType = wrapper.framework; includeInIndex = 0; path = Pods_crud_with_core_data.framework; sourceTree = BUILT_PRODUCTS_DIR; };
		6ABB13353819680701A21E84 /* Pods-crud-with-core-data.debug.xcconfig */ = {isa = PBXFileReference; includeInIndex = 1; lastKnownFileType = text.xcconfig; name = "Pods-crud-with-core-data.debug.xcconfig"; path = "Target Support Files/Pods-crud-with-core-data/Pods-crud-with-core-data.debug.xcconfig"; sourceTree = "<group>"; };
		B25A2651E7CBEFEA11FA38EC /* Pods-crud-with-core-data.release.xcconfig */ = {isa = PBXFileReference; includeInIndex = 1; lastKnownFileType = text.xcconfig; name = "Pods-crud-with-core-data.release.xcconfig"; path = "Target Support Files/Pods-crud-with-core-data/Pods-crud-with-core-data.release.xcconfig"; sourceTree = "<group>"; };
		C11806EE2B1AA6A40086B768 /* SnackBarView.swift */ = {isa = PBXFileReference; fileEncoding = 4; lastKnownFileType = sourcecode.swift; path = SnackBarView.swift; sourceTree = "<group>"; };
		C11806EF2B1AA6A40086B768 /* AppAlertController.swift */ = {isa = PBXFileReference; fileEncoding = 4; lastKnownFileType = sourcecode.swift; path = AppAlertController.swift; sourceTree = "<group>"; };
		C11806F02B1AA6A40086B768 /* AppFormValidatorLabel.swift */ = {isa = PBXFileReference; fileEncoding = 4; lastKnownFileType = sourcecode.swift; path = AppFormValidatorLabel.swift; sourceTree = "<group>"; };
		C11806F12B1AA6A40086B768 /* AppFormTextField.swift */ = {isa = PBXFileReference; fileEncoding = 4; lastKnownFileType = sourcecode.swift; path = AppFormTextField.swift; sourceTree = "<group>"; };
		C11806F22B1AA6A40086B768 /* AppFormLabel.swift */ = {isa = PBXFileReference; fileEncoding = 4; lastKnownFileType = sourcecode.swift; path = AppFormLabel.swift; sourceTree = "<group>"; };
		C14A96F72B1FA5E400A70630 /* AddStudentTabVM.swift */ = {isa = PBXFileReference; lastKnownFileType = sourcecode.swift; path = AddStudentTabVM.swift; sourceTree = "<group>"; };
		C16E2BD02B1EA0ED00A04CE1 /* AppColors.swift */ = {isa = PBXFileReference; lastKnownFileType = sourcecode.swift; path = AppColors.swift; sourceTree = "<group>"; };
		C16E2BD32B1EA51800A04CE1 /* Ext+UIColor.swift */ = {isa = PBXFileReference; lastKnownFileType = sourcecode.swift; path = "Ext+UIColor.swift"; sourceTree = "<group>"; };
		C16E2BD52B1EB20B00A04CE1 /* AppButton.swift */ = {isa = PBXFileReference; lastKnownFileType = sourcecode.swift; path = AppButton.swift; sourceTree = "<group>"; };
		C1B4C9912B2104FE00151833 /* MainCoordinator.swift */ = {isa = PBXFileReference; lastKnownFileType = sourcecode.swift; path = MainCoordinator.swift; sourceTree = "<group>"; };
		C1B4C9932B2107FE00151833 /* Coordinator.swift */ = {isa = PBXFileReference; lastKnownFileType = sourcecode.swift; path = Coordinator.swift; sourceTree = "<group>"; };
		C1B4CA8B2B2263E80048D9C9 /* HomeTabCoordinator.swift */ = {isa = PBXFileReference; lastKnownFileType = sourcecode.swift; path = HomeTabCoordinator.swift; sourceTree = "<group>"; };
		C1B4CA8D2B2264290048D9C9 /* MainTabBarController.swift */ = {isa = PBXFileReference; lastKnownFileType = sourcecode.swift; path = MainTabBarController.swift; sourceTree = "<group>"; };
		C1B4CA8F2B22846F0048D9C9 /* AddTabCoordinator.swift */ = {isa = PBXFileReference; lastKnownFileType = sourcecode.swift; path = AddTabCoordinator.swift; sourceTree = "<group>"; };
		C1B4CA912B2284FE0048D9C9 /* AddTabViewController.swift */ = {isa = PBXFileReference; lastKnownFileType = sourcecode.swift; path = AddTabViewController.swift; sourceTree = "<group>"; };
		C1B4CA932B2285890048D9C9 /* HomeTabViewController.swift */ = {isa = PBXFileReference; lastKnownFileType = sourcecode.swift; path = HomeTabViewController.swift; sourceTree = "<group>"; };
		C1B4CA952B2288560048D9C9 /* MainTabCoordinator.swift */ = {isa = PBXFileReference; lastKnownFileType = sourcecode.swift; path = MainTabCoordinator.swift; sourceTree = "<group>"; };
		C1BB06292B1FFB5700AE52E5 /* User+CoreDataClass.swift */ = {isa = PBXFileReference; lastKnownFileType = sourcecode.swift; path = "User+CoreDataClass.swift"; sourceTree = SOURCE_ROOT; };
		C1BB062A2B1FFB5700AE52E5 /* User+CoreDataProperties.swift */ = {isa = PBXFileReference; lastKnownFileType = sourcecode.swift; path = "User+CoreDataProperties.swift"; sourceTree = SOURCE_ROOT; };
		C1BB06372B1FFE4F00AE52E5 /* UserCoreRepoProtocol.swift */ = {isa = PBXFileReference; lastKnownFileType = sourcecode.swift; path = UserCoreRepoProtocol.swift; sourceTree = "<group>"; };
		C1BB06392B200CAF00AE52E5 /* UserCoreRepository.swift */ = {isa = PBXFileReference; lastKnownFileType = sourcecode.swift; path = UserCoreRepository.swift; sourceTree = "<group>"; };
		C1BFD5B42B2141F800F57CC9 /* WelcomeViewController.swift */ = {isa = PBXFileReference; lastKnownFileType = sourcecode.swift; path = WelcomeViewController.swift; sourceTree = "<group>"; };
		C1BFD5BA2B2148EB00F57CC9 /* WelcomeCoordinator.swift */ = {isa = PBXFileReference; lastKnownFileType = sourcecode.swift; path = WelcomeCoordinator.swift; sourceTree = "<group>"; };
		C1CB56302B1A5DD500F91D5C /* UserTableViewCell.swift */ = {isa = PBXFileReference; lastKnownFileType = sourcecode.swift; path = UserTableViewCell.swift; sourceTree = "<group>"; };
		C1CE43002B195A2B005EA95B /* crud-with-core-data.app */ = {isa = PBXFileReference; explicitFileType = wrapper.application; includeInIndex = 0; path = "crud-with-core-data.app"; sourceTree = BUILT_PRODUCTS_DIR; };
		C1CE43032B195A2B005EA95B /* AppDelegate.swift */ = {isa = PBXFileReference; lastKnownFileType = sourcecode.swift; path = AppDelegate.swift; sourceTree = "<group>"; };
		C1CE43052B195A2B005EA95B /* SceneDelegate.swift */ = {isa = PBXFileReference; lastKnownFileType = sourcecode.swift; path = SceneDelegate.swift; sourceTree = "<group>"; };
		C1CE430D2B195A2B005EA95B /* crud_with_core_data.xcdatamodel */ = {isa = PBXFileReference; lastKnownFileType = wrapper.xcdatamodel; path = crud_with_core_data.xcdatamodel; sourceTree = "<group>"; };
		C1CE430F2B195A2C005EA95B /* Assets.xcassets */ = {isa = PBXFileReference; lastKnownFileType = folder.assetcatalog; path = Assets.xcassets; sourceTree = "<group>"; };
		C1CE43122B195A2C005EA95B /* Base */ = {isa = PBXFileReference; lastKnownFileType = file.storyboard; name = Base; path = Base.lproj/LaunchScreen.storyboard; sourceTree = "<group>"; };
		C1CE43142B195A2C005EA95B /* Info.plist */ = {isa = PBXFileReference; lastKnownFileType = text.plist.xml; path = Info.plist; sourceTree = "<group>"; };
		C1CE431A2B195B10005EA95B /* Student+CoreDataClass.swift */ = {isa = PBXFileReference; lastKnownFileType = sourcecode.swift; path = "Student+CoreDataClass.swift"; sourceTree = "<group>"; };
		C1CE431B2B195B10005EA95B /* Student+CoreDataProperties.swift */ = {isa = PBXFileReference; lastKnownFileType = sourcecode.swift; path = "Student+CoreDataProperties.swift"; sourceTree = "<group>"; };
		C1CE431F2B196D4C005EA95B /* UserTableTabVM.swift */ = {isa = PBXFileReference; lastKnownFileType = sourcecode.swift; path = UserTableTabVM.swift; sourceTree = "<group>"; };
		C1CE43212B196E0A005EA95B /* CoreDataManager.swift */ = {isa = PBXFileReference; lastKnownFileType = sourcecode.swift; path = CoreDataManager.swift; sourceTree = "<group>"; };
		C1D629212B1E759200559F02 /* Post+CoreDataClass.swift */ = {isa = PBXFileReference; lastKnownFileType = sourcecode.swift; path = "Post+CoreDataClass.swift"; sourceTree = SOURCE_ROOT; };
		C1D629222B1E759200559F02 /* Post+CoreDataProperties.swift */ = {isa = PBXFileReference; lastKnownFileType = sourcecode.swift; path = "Post+CoreDataProperties.swift"; sourceTree = SOURCE_ROOT; };
/* End PBXFileReference section */

/* Begin PBXFrameworksBuildPhase section */
		C1CE42FD2B195A2B005EA95B /* Frameworks */ = {
			isa = PBXFrameworksBuildPhase;
			buildActionMask = 2147483647;
			files = (
				74C970C4774CF0120BCBA747 /* Pods_crud_with_core_data.framework in Frameworks */,
			);
			runOnlyForDeploymentPostprocessing = 0;
		};
/* End PBXFrameworksBuildPhase section */

/* Begin PBXGroup section */
		686DBEE536A6F8B9E8A4340C /* Frameworks */ = {
			isa = PBXGroup;
			children = (
				1F724F89FACD4B05DF9AE4F1 /* Pods_crud_with_core_data.framework */,
			);
			name = Frameworks;
			sourceTree = "<group>";
		};
		99BD04FA2900DCAED13FD8A0 /* Pods */ = {
			isa = PBXGroup;
			children = (
				6ABB13353819680701A21E84 /* Pods-crud-with-core-data.debug.xcconfig */,
				B25A2651E7CBEFEA11FA38EC /* Pods-crud-with-core-data.release.xcconfig */,
			);
			path = Pods;
			sourceTree = "<group>";
		};
		C11806ED2B1AA64F0086B768 /* Utilities */ = {
			isa = PBXGroup;
			children = (
				C11806EF2B1AA6A40086B768 /* AppAlertController.swift */,
				C11806F22B1AA6A40086B768 /* AppFormLabel.swift */,
				C11806F12B1AA6A40086B768 /* AppFormTextField.swift */,
				C11806F02B1AA6A40086B768 /* AppFormValidatorLabel.swift */,
				C16E2BD52B1EB20B00A04CE1 /* AppButton.swift */,
				C16E2BD02B1EA0ED00A04CE1 /* AppColors.swift */,
				C11806EE2B1AA6A40086B768 /* SnackBarView.swift */,
			);
			path = Utilities;
			sourceTree = "<group>";
		};
		C16E2BD22B1EA50C00A04CE1 /* Extenstions */ = {
			isa = PBXGroup;
			children = (
				C16E2BD32B1EA51800A04CE1 /* Ext+UIColor.swift */,
			);
			path = Extenstions;
			sourceTree = "<group>";
		};
		C1B4C98E2B20E6B600151833 /* Model */ = {
			isa = PBXGroup;
			children = (
			);
			path = Model;
			sourceTree = "<group>";
		};
		C1B4C98F2B2104E300151833 /* Application */ = {
			isa = PBXGroup;
			children = (
				C1B4C9912B2104FE00151833 /* MainCoordinator.swift */,
				C1B4C9932B2107FE00151833 /* Coordinator.swift */,
			);
			path = Application;
			sourceTree = "<group>";
		};
		C1BB062D2B1FFB6D00AE52E5 /* Core */ = {
			isa = PBXGroup;
			children = (
				C1B4C98F2B2104E300151833 /* Application */,
				C1CB562D2B1A5D6E00F91D5C /* Supporting Files */,
				C11806ED2B1AA64F0086B768 /* Utilities */,
				C16E2BD22B1EA50C00A04CE1 /* Extenstions */,
			);
			path = Core;
			sourceTree = "<group>";
		};
		C1BB062E2B1FFB7C00AE52E5 /* Data */ = {
			isa = PBXGroup;
			children = (
				C1B4C98E2B20E6B600151833 /* Model */,
				C1BB06352B1FFC0300AE52E5 /* DB */,
				C1BB06342B1FFBF000AE52E5 /* DataSource */,
				C1BB06332B1FFBE000AE52E5 /* RepoProtocols */,
			);
			path = Data;
			sourceTree = "<group>";
		};
		C1BB062F2B1FFB8300AE52E5 /* Domain */ = {
			isa = PBXGroup;
			children = (
				C1BB06322B1FFBA600AE52E5 /* UseCase */,
				C1BB06312B1FFB9A00AE52E5 /* Repository */,
				C1BB06302B1FFB9100AE52E5 /* Model */,
			);
			path = Domain;
			sourceTree = "<group>";
		};
		C1BB06302B1FFB9100AE52E5 /* Model */ = {
			isa = PBXGroup;
			children = (
			);
			path = Model;
			sourceTree = "<group>";
		};
		C1BB06312B1FFB9A00AE52E5 /* Repository */ = {
			isa = PBXGroup;
			children = (
			);
			path = Repository;
			sourceTree = "<group>";
		};
		C1BB06322B1FFBA600AE52E5 /* UseCase */ = {
			isa = PBXGroup;
			children = (
			);
			path = UseCase;
			sourceTree = "<group>";
		};
		C1BB06332B1FFBE000AE52E5 /* RepoProtocols */ = {
			isa = PBXGroup;
			children = (
				C1BB06372B1FFE4F00AE52E5 /* UserCoreRepoProtocol.swift */,
			);
			path = RepoProtocols;
			sourceTree = "<group>";
		};
		C1BB06342B1FFBF000AE52E5 /* DataSource */ = {
			isa = PBXGroup;
			children = (
				C1CB562E2B1A5D8100F91D5C /* CoreData */,
			);
			name = DataSource;
			sourceTree = "<group>";
		};
		C1BB06352B1FFC0300AE52E5 /* DB */ = {
			isa = PBXGroup;
			children = (
			);
			path = DB;
			sourceTree = "<group>";
		};
		C1BFD5AD2B21339E00F57CC9 /* TabController */ = {
			isa = PBXGroup;
			children = (
				C1CE431F2B196D4C005EA95B /* UserTableTabVM.swift */,
				C1CB56302B1A5DD500F91D5C /* UserTableViewCell.swift */,
				C14A96F72B1FA5E400A70630 /* AddStudentTabVM.swift */,
				C1B4CA8D2B2264290048D9C9 /* MainTabBarController.swift */,
				C1B4CA912B2284FE0048D9C9 /* AddTabViewController.swift */,
				C1B4CA932B2285890048D9C9 /* HomeTabViewController.swift */,
			);
			path = TabController;
			sourceTree = "<group>";
		};
		C1BFD5AE2B2133AB00F57CC9 /* HomeScreen */ = {
			isa = PBXGroup;
			children = (
				C1BFD5AD2B21339E00F57CC9 /* TabController */,
				C1B4CA8B2B2263E80048D9C9 /* HomeTabCoordinator.swift */,
				C1B4CA8F2B22846F0048D9C9 /* AddTabCoordinator.swift */,
				C1B4CA952B2288560048D9C9 /* MainTabCoordinator.swift */,
			);
			path = HomeScreen;
			sourceTree = "<group>";
		};
		C1BFD5B32B2141D800F57CC9 /* WelcomeScreen */ = {
			isa = PBXGroup;
			children = (
				C1BFD5B92B2148C900F57CC9 /* ViewController */,
				C1BFD5BA2B2148EB00F57CC9 /* WelcomeCoordinator.swift */,
			);
			path = WelcomeScreen;
			sourceTree = "<group>";
		};
		C1BFD5B92B2148C900F57CC9 /* ViewController */ = {
			isa = PBXGroup;
			children = (
				C1BFD5B42B2141F800F57CC9 /* WelcomeViewController.swift */,
			);
			path = ViewController;
			sourceTree = "<group>";
		};
		C1CB562D2B1A5D6E00F91D5C /* Supporting Files */ = {
			isa = PBXGroup;
			children = (
				C1CE430F2B195A2C005EA95B /* Assets.xcassets */,
				C1CE43032B195A2B005EA95B /* AppDelegate.swift */,
				C1CE43052B195A2B005EA95B /* SceneDelegate.swift */,
				C1CE43112B195A2C005EA95B /* LaunchScreen.storyboard */,
			);
			path = "Supporting Files";
			sourceTree = "<group>";
		};
		C1CB562E2B1A5D8100F91D5C /* CoreData */ = {
			isa = PBXGroup;
			children = (
				C1CE431E2B195B21005EA95B /* Entities */,
				C1CE430C2B195A2B005EA95B /* crud_with_core_data.xcdatamodeld */,
				C1CE43212B196E0A005EA95B /* CoreDataManager.swift */,
				C1BB06392B200CAF00AE52E5 /* UserCoreRepository.swift */,
			);
			path = CoreData;
			sourceTree = "<group>";
		};
		C1CB562F2B1A5D8F00F91D5C /* Presentation */ = {
			isa = PBXGroup;
			children = (
				C1BFD5B32B2141D800F57CC9 /* WelcomeScreen */,
				C1BFD5AE2B2133AB00F57CC9 /* HomeScreen */,
			);
			path = Presentation;
			sourceTree = "<group>";
		};
		C1CE42F72B195A2B005EA95B = {
			isa = PBXGroup;
			children = (
				C1CE43022B195A2B005EA95B /* crud-with-core-data */,
				C1CE43012B195A2B005EA95B /* Products */,
				99BD04FA2900DCAED13FD8A0 /* Pods */,
				686DBEE536A6F8B9E8A4340C /* Frameworks */,
			);
			sourceTree = "<group>";
		};
		C1CE43012B195A2B005EA95B /* Products */ = {
			isa = PBXGroup;
			children = (
				C1CE43002B195A2B005EA95B /* crud-with-core-data.app */,
			);
			name = Products;
			sourceTree = "<group>";
		};
		C1CE43022B195A2B005EA95B /* crud-with-core-data */ = {
			isa = PBXGroup;
			children = (
				C1BB062F2B1FFB8300AE52E5 /* Domain */,
				C1BB062E2B1FFB7C00AE52E5 /* Data */,
				C1BB062D2B1FFB6D00AE52E5 /* Core */,
				C1CB562F2B1A5D8F00F91D5C /* Presentation */,
				C1CE43142B195A2C005EA95B /* Info.plist */,
			);
			path = "crud-with-core-data";
			sourceTree = "<group>";
		};
		C1CE431E2B195B21005EA95B /* Entities */ = {
			isa = PBXGroup;
			children = (
				C1BB06292B1FFB5700AE52E5 /* User+CoreDataClass.swift */,
				C1BB062A2B1FFB5700AE52E5 /* User+CoreDataProperties.swift */,
				C1D629212B1E759200559F02 /* Post+CoreDataClass.swift */,
				C1D629222B1E759200559F02 /* Post+CoreDataProperties.swift */,
				C1CE431A2B195B10005EA95B /* Student+CoreDataClass.swift */,
				C1CE431B2B195B10005EA95B /* Student+CoreDataProperties.swift */,
			);
			path = Entities;
			sourceTree = "<group>";
		};
/* End PBXGroup section */

/* Begin PBXNativeTarget section */
		C1CE42FF2B195A2B005EA95B /* crud-with-core-data */ = {
			isa = PBXNativeTarget;
			buildConfigurationList = C1CE43172B195A2C005EA95B /* Build configuration list for PBXNativeTarget "crud-with-core-data" */;
			buildPhases = (
				4368E43CB57FF8CC1AF9564E /* [CP] Check Pods Manifest.lock */,
				C1CE42FC2B195A2B005EA95B /* Sources */,
				C1CE42FD2B195A2B005EA95B /* Frameworks */,
				C1CE42FE2B195A2B005EA95B /* Resources */,
				A7A2154E0BB173BDBCEDD01B /* [CP] Embed Pods Frameworks */,
			);
			buildRules = (
			);
			dependencies = (
			);
			name = "crud-with-core-data";
			productName = "crud-with-core-data";
			productReference = C1CE43002B195A2B005EA95B /* crud-with-core-data.app */;
			productType = "com.apple.product-type.application";
		};
/* End PBXNativeTarget section */

/* Begin PBXProject section */
		C1CE42F82B195A2B005EA95B /* Project object */ = {
			isa = PBXProject;
			attributes = {
				BuildIndependentTargetsInParallel = 1;
				LastSwiftUpdateCheck = 1430;
				LastUpgradeCheck = 1430;
				TargetAttributes = {
					C1CE42FF2B195A2B005EA95B = {
						CreatedOnToolsVersion = 14.3.1;
					};
				};
			};
			buildConfigurationList = C1CE42FB2B195A2B005EA95B /* Build configuration list for PBXProject "crud-with-core-data" */;
			compatibilityVersion = "Xcode 14.0";
			developmentRegion = en;
			hasScannedForEncodings = 0;
			knownRegions = (
				en,
				Base,
			);
			mainGroup = C1CE42F72B195A2B005EA95B;
			productRefGroup = C1CE43012B195A2B005EA95B /* Products */;
			projectDirPath = "";
			projectRoot = "";
			targets = (
				C1CE42FF2B195A2B005EA95B /* crud-with-core-data */,
			);
		};
/* End PBXProject section */

/* Begin PBXResourcesBuildPhase section */
		C1CE42FE2B195A2B005EA95B /* Resources */ = {
			isa = PBXResourcesBuildPhase;
			buildActionMask = 2147483647;
			files = (
				C1CE43132B195A2C005EA95B /* LaunchScreen.storyboard in Resources */,
				C1CE43102B195A2C005EA95B /* Assets.xcassets in Resources */,
			);
			runOnlyForDeploymentPostprocessing = 0;
		};
/* End PBXResourcesBuildPhase section */

/* Begin PBXShellScriptBuildPhase section */
		4368E43CB57FF8CC1AF9564E /* [CP] Check Pods Manifest.lock */ = {
			isa = PBXShellScriptBuildPhase;
			buildActionMask = 2147483647;
			files = (
			);
			inputFileListPaths = (
			);
			inputPaths = (
				"${PODS_PODFILE_DIR_PATH}/Podfile.lock",
				"${PODS_ROOT}/Manifest.lock",
			);
			name = "[CP] Check Pods Manifest.lock";
			outputFileListPaths = (
			);
			outputPaths = (
				"$(DERIVED_FILE_DIR)/Pods-crud-with-core-data-checkManifestLockResult.txt",
			);
			runOnlyForDeploymentPostprocessing = 0;
			shellPath = /bin/sh;
			shellScript = "diff \"${PODS_PODFILE_DIR_PATH}/Podfile.lock\" \"${PODS_ROOT}/Manifest.lock\" > /dev/null\nif [ $? != 0 ] ; then\n    # print error to STDERR\n    echo \"error: The sandbox is not in sync with the Podfile.lock. Run 'pod install' or update your CocoaPods installation.\" >&2\n    exit 1\nfi\n# This output is used by Xcode 'outputs' to avoid re-running this script phase.\necho \"SUCCESS\" > \"${SCRIPT_OUTPUT_FILE_0}\"\n";
			showEnvVarsInLog = 0;
		};
		A7A2154E0BB173BDBCEDD01B /* [CP] Embed Pods Frameworks */ = {
			isa = PBXShellScriptBuildPhase;
			buildActionMask = 2147483647;
			files = (
			);
			inputFileListPaths = (
				"${PODS_ROOT}/Target Support Files/Pods-crud-with-core-data/Pods-crud-with-core-data-frameworks-${CONFIGURATION}-input-files.xcfilelist",
			);
			name = "[CP] Embed Pods Frameworks";
			outputFileListPaths = (
				"${PODS_ROOT}/Target Support Files/Pods-crud-with-core-data/Pods-crud-with-core-data-frameworks-${CONFIGURATION}-output-files.xcfilelist",
			);
			runOnlyForDeploymentPostprocessing = 0;
			shellPath = /bin/sh;
			shellScript = "\"${PODS_ROOT}/Target Support Files/Pods-crud-with-core-data/Pods-crud-with-core-data-frameworks.sh\"\n";
			showEnvVarsInLog = 0;
		};
/* End PBXShellScriptBuildPhase section */

/* Begin PBXSourcesBuildPhase section */
		C1CE42FC2B195A2B005EA95B /* Sources */ = {
			isa = PBXSourcesBuildPhase;
			buildActionMask = 2147483647;
			files = (
				C16E2BD42B1EA51800A04CE1 /* Ext+UIColor.swift in Sources */,
				C1B4C9922B2104FE00151833 /* MainCoordinator.swift in Sources */,
				C1BFD5BB2B2148EB00F57CC9 /* WelcomeCoordinator.swift in Sources */,
				C11806F62B1AA6A40086B768 /* AppFormTextField.swift in Sources */,
				C11806F72B1AA6A40086B768 /* AppFormLabel.swift in Sources */,
				C1CB56312B1A5DD500F91D5C /* UserTableViewCell.swift in Sources */,
				C1B4CA922B2284FE0048D9C9 /* AddTabViewController.swift in Sources */,
				C14A96F82B1FA5E400A70630 /* AddStudentTabVM.swift in Sources */,
				C1CE43222B196E0A005EA95B /* CoreDataManager.swift in Sources */,
				C1CE431D2B195B10005EA95B /* Student+CoreDataProperties.swift in Sources */,
				C1B4CA902B22846F0048D9C9 /* AddTabCoordinator.swift in Sources */,
				C1B4CA8E2B2264290048D9C9 /* MainTabBarController.swift in Sources */,
				C1CE430E2B195A2B005EA95B /* crud_with_core_data.xcdatamodeld in Sources */,
				C11806F52B1AA6A40086B768 /* AppFormValidatorLabel.swift in Sources */,
				C1BB06382B1FFE4F00AE52E5 /* UserCoreRepoProtocol.swift in Sources */,
				C1CE43042B195A2B005EA95B /* AppDelegate.swift in Sources */,
				C1B4CA962B2288560048D9C9 /* MainTabCoordinator.swift in Sources */,
				C11806F32B1AA6A40086B768 /* SnackBarView.swift in Sources */,
				C1BB062B2B1FFB5700AE52E5 /* User+CoreDataClass.swift in Sources */,
				C1BB062C2B1FFB5700AE52E5 /* User+CoreDataProperties.swift in Sources */,
				C16E2BD62B1EB20B00A04CE1 /* AppButton.swift in Sources */,
				C1BB063A2B200CAF00AE52E5 /* UserCoreRepository.swift in Sources */,
				C1D629242B1E759200559F02 /* Post+CoreDataProperties.swift in Sources */,
				C1BFD5B52B2141F800F57CC9 /* WelcomeViewController.swift in Sources */,
				C1B4C9942B2107FE00151833 /* Coordinator.swift in Sources */,
				C16E2BD12B1EA0ED00A04CE1 /* AppColors.swift in Sources */,
				C1CE43062B195A2B005EA95B /* SceneDelegate.swift in Sources */,
				C11806F42B1AA6A40086B768 /* AppAlertController.swift in Sources */,
				C1CE431C2B195B10005EA95B /* Student+CoreDataClass.swift in Sources */,
				C1B4CA942B2285890048D9C9 /* HomeTabViewController.swift in Sources */,
				C1B4CA8C2B2263E80048D9C9 /* HomeTabCoordinator.swift in Sources */,
				C1D629232B1E759200559F02 /* Post+CoreDataClass.swift in Sources */,
				C1CE43202B196D4C005EA95B /* UserTableTabVM.swift in Sources */,
			);
			runOnlyForDeploymentPostprocessing = 0;
		};
/* End PBXSourcesBuildPhase section */

/* Begin PBXVariantGroup section */
		C1CE43112B195A2C005EA95B /* LaunchScreen.storyboard */ = {
			isa = PBXVariantGroup;
			children = (
				C1CE43122B195A2C005EA95B /* Base */,
			);
			name = LaunchScreen.storyboard;
			sourceTree = "<group>";
		};
/* End PBXVariantGroup section */

/* Begin XCBuildConfiguration section */
		C1CE43152B195A2C005EA95B /* Debug */ = {
			isa = XCBuildConfiguration;
			buildSettings = {
				ALWAYS_SEARCH_USER_PATHS = NO;
				CLANG_ANALYZER_NONNULL = YES;
				CLANG_ANALYZER_NUMBER_OBJECT_CONVERSION = YES_AGGRESSIVE;
				CLANG_CXX_LANGUAGE_STANDARD = "gnu++20";
				CLANG_ENABLE_MODULES = YES;
				CLANG_ENABLE_OBJC_ARC = YES;
				CLANG_ENABLE_OBJC_WEAK = YES;
				CLANG_WARN_BLOCK_CAPTURE_AUTORELEASING = YES;
				CLANG_WARN_BOOL_CONVERSION = YES;
				CLANG_WARN_COMMA = YES;
				CLANG_WARN_CONSTANT_CONVERSION = YES;
				CLANG_WARN_DEPRECATED_OBJC_IMPLEMENTATIONS = YES;
				CLANG_WARN_DIRECT_OBJC_ISA_USAGE = YES_ERROR;
				CLANG_WARN_DOCUMENTATION_COMMENTS = YES;
				CLANG_WARN_EMPTY_BODY = YES;
				CLANG_WARN_ENUM_CONVERSION = YES;
				CLANG_WARN_INFINITE_RECURSION = YES;
				CLANG_WARN_INT_CONVERSION = YES;
				CLANG_WARN_NON_LITERAL_NULL_CONVERSION = YES;
				CLANG_WARN_OBJC_IMPLICIT_RETAIN_SELF = YES;
				CLANG_WARN_OBJC_LITERAL_CONVERSION = YES;
				CLANG_WARN_OBJC_ROOT_CLASS = YES_ERROR;
				CLANG_WARN_QUOTED_INCLUDE_IN_FRAMEWORK_HEADER = YES;
				CLANG_WARN_RANGE_LOOP_ANALYSIS = YES;
				CLANG_WARN_STRICT_PROTOTYPES = YES;
				CLANG_WARN_SUSPICIOUS_MOVE = YES;
				CLANG_WARN_UNGUARDED_AVAILABILITY = YES_AGGRESSIVE;
				CLANG_WARN_UNREACHABLE_CODE = YES;
				CLANG_WARN__DUPLICATE_METHOD_MATCH = YES;
				COPY_PHASE_STRIP = NO;
				DEBUG_INFORMATION_FORMAT = dwarf;
				ENABLE_STRICT_OBJC_MSGSEND = YES;
				ENABLE_TESTABILITY = YES;
				GCC_C_LANGUAGE_STANDARD = gnu11;
				GCC_DYNAMIC_NO_PIC = NO;
				GCC_NO_COMMON_BLOCKS = YES;
				GCC_OPTIMIZATION_LEVEL = 0;
				GCC_PREPROCESSOR_DEFINITIONS = (
					"DEBUG=1",
					"$(inherited)",
				);
				GCC_WARN_64_TO_32_BIT_CONVERSION = YES;
				GCC_WARN_ABOUT_RETURN_TYPE = YES_ERROR;
				GCC_WARN_UNDECLARED_SELECTOR = YES;
				GCC_WARN_UNINITIALIZED_AUTOS = YES_AGGRESSIVE;
				GCC_WARN_UNUSED_FUNCTION = YES;
				GCC_WARN_UNUSED_VARIABLE = YES;
				IPHONEOS_DEPLOYMENT_TARGET = 16.4;
				MTL_ENABLE_DEBUG_INFO = INCLUDE_SOURCE;
				MTL_FAST_MATH = YES;
				ONLY_ACTIVE_ARCH = YES;
				SDKROOT = iphoneos;
				SWIFT_ACTIVE_COMPILATION_CONDITIONS = DEBUG;
				SWIFT_OPTIMIZATION_LEVEL = "-Onone";
			};
			name = Debug;
		};
		C1CE43162B195A2C005EA95B /* Release */ = {
			isa = XCBuildConfiguration;
			buildSettings = {
				ALWAYS_SEARCH_USER_PATHS = NO;
				CLANG_ANALYZER_NONNULL = YES;
				CLANG_ANALYZER_NUMBER_OBJECT_CONVERSION = YES_AGGRESSIVE;
				CLANG_CXX_LANGUAGE_STANDARD = "gnu++20";
				CLANG_ENABLE_MODULES = YES;
				CLANG_ENABLE_OBJC_ARC = YES;
				CLANG_ENABLE_OBJC_WEAK = YES;
				CLANG_WARN_BLOCK_CAPTURE_AUTORELEASING = YES;
				CLANG_WARN_BOOL_CONVERSION = YES;
				CLANG_WARN_COMMA = YES;
				CLANG_WARN_CONSTANT_CONVERSION = YES;
				CLANG_WARN_DEPRECATED_OBJC_IMPLEMENTATIONS = YES;
				CLANG_WARN_DIRECT_OBJC_ISA_USAGE = YES_ERROR;
				CLANG_WARN_DOCUMENTATION_COMMENTS = YES;
				CLANG_WARN_EMPTY_BODY = YES;
				CLANG_WARN_ENUM_CONVERSION = YES;
				CLANG_WARN_INFINITE_RECURSION = YES;
				CLANG_WARN_INT_CONVERSION = YES;
				CLANG_WARN_NON_LITERAL_NULL_CONVERSION = YES;
				CLANG_WARN_OBJC_IMPLICIT_RETAIN_SELF = YES;
				CLANG_WARN_OBJC_LITERAL_CONVERSION = YES;
				CLANG_WARN_OBJC_ROOT_CLASS = YES_ERROR;
				CLANG_WARN_QUOTED_INCLUDE_IN_FRAMEWORK_HEADER = YES;
				CLANG_WARN_RANGE_LOOP_ANALYSIS = YES;
				CLANG_WARN_STRICT_PROTOTYPES = YES;
				CLANG_WARN_SUSPICIOUS_MOVE = YES;
				CLANG_WARN_UNGUARDED_AVAILABILITY = YES_AGGRESSIVE;
				CLANG_WARN_UNREACHABLE_CODE = YES;
				CLANG_WARN__DUPLICATE_METHOD_MATCH = YES;
				COPY_PHASE_STRIP = NO;
				DEBUG_INFORMATION_FORMAT = "dwarf-with-dsym";
				ENABLE_NS_ASSERTIONS = NO;
				ENABLE_STRICT_OBJC_MSGSEND = YES;
				GCC_C_LANGUAGE_STANDARD = gnu11;
				GCC_NO_COMMON_BLOCKS = YES;
				GCC_WARN_64_TO_32_BIT_CONVERSION = YES;
				GCC_WARN_ABOUT_RETURN_TYPE = YES_ERROR;
				GCC_WARN_UNDECLARED_SELECTOR = YES;
				GCC_WARN_UNINITIALIZED_AUTOS = YES_AGGRESSIVE;
				GCC_WARN_UNUSED_FUNCTION = YES;
				GCC_WARN_UNUSED_VARIABLE = YES;
				IPHONEOS_DEPLOYMENT_TARGET = 16.4;
				MTL_ENABLE_DEBUG_INFO = NO;
				MTL_FAST_MATH = YES;
				SDKROOT = iphoneos;
				SWIFT_COMPILATION_MODE = wholemodule;
				SWIFT_OPTIMIZATION_LEVEL = "-O";
				VALIDATE_PRODUCT = YES;
			};
			name = Release;
		};
		C1CE43182B195A2C005EA95B /* Debug */ = {
			isa = XCBuildConfiguration;
			baseConfigurationReference = 6ABB13353819680701A21E84 /* Pods-crud-with-core-data.debug.xcconfig */;
			buildSettings = {
				ASSETCATALOG_COMPILER_APPICON_NAME = AppIcon;
				ASSETCATALOG_COMPILER_GLOBAL_ACCENT_COLOR_NAME = AccentColor;
				CODE_SIGN_STYLE = Automatic;
				CURRENT_PROJECT_VERSION = 1;
				GENERATE_INFOPLIST_FILE = YES;
				INFOPLIST_FILE = "crud-with-core-data/Info.plist";
				INFOPLIST_KEY_UIApplicationSupportsIndirectInputEvents = YES;
				INFOPLIST_KEY_UILaunchStoryboardName = LaunchScreen;
				INFOPLIST_KEY_UISupportedInterfaceOrientations_iPad = "UIInterfaceOrientationPortrait UIInterfaceOrientationPortraitUpsideDown UIInterfaceOrientationLandscapeLeft UIInterfaceOrientationLandscapeRight";
				INFOPLIST_KEY_UISupportedInterfaceOrientations_iPhone = "UIInterfaceOrientationPortrait UIInterfaceOrientationLandscapeLeft UIInterfaceOrientationLandscapeRight";
				LD_RUNPATH_SEARCH_PATHS = (
					"$(inherited)",
					"@executable_path/Frameworks",
				);
				MARKETING_VERSION = 1.0;
				PRODUCT_BUNDLE_IDENTIFIER = "dna-ios-training.crud-with-core-data";
				PRODUCT_NAME = "$(TARGET_NAME)";
				SWIFT_EMIT_LOC_STRINGS = YES;
				SWIFT_VERSION = 5.0;
				TARGETED_DEVICE_FAMILY = "1,2";
			};
			name = Debug;
		};
		C1CE43192B195A2C005EA95B /* Release */ = {
			isa = XCBuildConfiguration;
			baseConfigurationReference = B25A2651E7CBEFEA11FA38EC /* Pods-crud-with-core-data.release.xcconfig */;
			buildSettings = {
				ASSETCATALOG_COMPILER_APPICON_NAME = AppIcon;
				ASSETCATALOG_COMPILER_GLOBAL_ACCENT_COLOR_NAME = AccentColor;
				CODE_SIGN_STYLE = Automatic;
				CURRENT_PROJECT_VERSION = 1;
				GENERATE_INFOPLIST_FILE = YES;
				INFOPLIST_FILE = "crud-with-core-data/Info.plist";
				INFOPLIST_KEY_UIApplicationSupportsIndirectInputEvents = YES;
				INFOPLIST_KEY_UILaunchStoryboardName = LaunchScreen;
				INFOPLIST_KEY_UISupportedInterfaceOrientations_iPad = "UIInterfaceOrientationPortrait UIInterfaceOrientationPortraitUpsideDown UIInterfaceOrientationLandscapeLeft UIInterfaceOrientationLandscapeRight";
				INFOPLIST_KEY_UISupportedInterfaceOrientations_iPhone = "UIInterfaceOrientationPortrait UIInterfaceOrientationLandscapeLeft UIInterfaceOrientationLandscapeRight";
				LD_RUNPATH_SEARCH_PATHS = (
					"$(inherited)",
					"@executable_path/Frameworks",
				);
				MARKETING_VERSION = 1.0;
				PRODUCT_BUNDLE_IDENTIFIER = "dna-ios-training.crud-with-core-data";
				PRODUCT_NAME = "$(TARGET_NAME)";
				SWIFT_EMIT_LOC_STRINGS = YES;
				SWIFT_VERSION = 5.0;
				TARGETED_DEVICE_FAMILY = "1,2";
			};
			name = Release;
		};
/* End XCBuildConfiguration section */

/* Begin XCConfigurationList section */
		C1CE42FB2B195A2B005EA95B /* Build configuration list for PBXProject "crud-with-core-data" */ = {
			isa = XCConfigurationList;
			buildConfigurations = (
				C1CE43152B195A2C005EA95B /* Debug */,
				C1CE43162B195A2C005EA95B /* Release */,
			);
			defaultConfigurationIsVisible = 0;
			defaultConfigurationName = Release;
		};
		C1CE43172B195A2C005EA95B /* Build configuration list for PBXNativeTarget "crud-with-core-data" */ = {
			isa = XCConfigurationList;
			buildConfigurations = (
				C1CE43182B195A2C005EA95B /* Debug */,
				C1CE43192B195A2C005EA95B /* Release */,
			);
			defaultConfigurationIsVisible = 0;
			defaultConfigurationName = Release;
		};
/* End XCConfigurationList section */

/* Begin XCVersionGroup section */
		C1CE430C2B195A2B005EA95B /* crud_with_core_data.xcdatamodeld */ = {
			isa = XCVersionGroup;
			children = (
				C1CE430D2B195A2B005EA95B /* crud_with_core_data.xcdatamodel */,
			);
			currentVersion = C1CE430D2B195A2B005EA95B /* crud_with_core_data.xcdatamodel */;
			path = crud_with_core_data.xcdatamodeld;
			sourceTree = "<group>";
			versionGroupType = wrapper.xcdatamodel;
		};
/* End XCVersionGroup section */
	};
	rootObject = C1CE42F82B195A2B005EA95B /* Project object */;
}
